
Microsoft Visual Studio Solution File, Format Version 12.00
# Visual Studio Version 17
VisualStudioVersion = 17.6.33723.286
MinimumVisualStudioVersion = 10.0.40219.1
Project("{FAE04EC0-301F-11D3-BF4B-00C04F79EFBC}") = "WebAPISimple", "WebAPISimple\WebAPISimple.csproj", "{AA0D0B30-812E-4D7D-8E8B-7176ACA5F5A1}"
EndProject
Global
	GlobalSection(SolutionConfigurationPlatforms) = preSolution
		Debug|Any CPU = Debug|Any CPU
		Release|Any CPU = Release|Any CPU
	EndGlobalSection
	GlobalSection(ProjectConfigurationPlatforms) = postSolution
		{AA0D0B30-812E-4D7D-8E8B-7176ACA5F5A1}.Debug|Any CPU.ActiveCfg = Debug|Any CPU
		{AA0D0B30-812E-4D7D-8E8B-7176ACA5F5A1}.Debug|Any CPU.Build.0 = Debug|Any CPU
		{AA0D0B30-812E-4D7D-8E8B-7176ACA5F5A1}.Release|Any CPU.ActiveCfg = Release|Any CPU
		{AA0D0B30-812E-4D7D-8E8B-7176ACA5F5A1}.Release|Any CPU.Build.0 = Release|Any CPU
	EndGlobalSection
	GlobalSection(SolutionProperties) = preSolution
		HideSolutionNode = FALSE
	EndGlobalSection
	GlobalSection(ExtensibilityGlobals) = postSolution
		SolutionGuid = {8FC97516-040C-4F28-9633-7F3756EE9130}
	EndGlobalSection
EndGlobal
